
Microsoft Visual Studio Solution File, Format Version 12.00
# Visual Studio Version 16
VisualStudioVersion = 16.0.29215.179
MinimumVisualStudioVersion = 10.0.40219.1
Project("{FAE04EC0-301F-11D3-BF4B-00C04F79EFBC}") = "IntrefaceExercise", "IntrefaceExercise\IntrefaceExercise.csproj", "{089D8EE0-5F88-4F4D-80B7-2D60326A03C1}"
EndProject
Global
	GlobalSection(SolutionConfigurationPlatforms) = preSolution
		Debug|Any CPU = Debug|Any CPU
		Release|Any CPU = Release|Any CPU
	EndGlobalSection
	GlobalSection(ProjectConfigurationPlatforms) = postSolution
		{089D8EE0-5F88-4F4D-80B7-2D60326A03C1}.Debug|Any CPU.ActiveCfg = Debug|Any CPU
		{089D8EE0-5F88-4F4D-80B7-2D60326A03C1}.Debug|Any CPU.Build.0 = Debug|Any CPU
		{089D8EE0-5F88-4F4D-80B7-2D60326A03C1}.Release|Any CPU.ActiveCfg = Release|Any CPU
		{089D8EE0-5F88-4F4D-80B7-2D60326A03C1}.Release|Any CPU.Build.0 = Release|Any CPU
	EndGlobalSection
	GlobalSection(SolutionProperties) = preSolution
		HideSolutionNode = FALSE
	EndGlobalSection
	GlobalSection(ExtensibilityGlobals) = postSolution
		SolutionGuid = {C7971984-6D82-4C3C-8ACD-E3DDD2408CD5}
	EndGlobalSection
EndGlobal
