
Microsoft Visual Studio Solution File, Format Version 12.00
# Visual Studio Version 16
VisualStudioVersion = 16.0.29215.179
MinimumVisualStudioVersion = 10.0.40219.1
Project("{FAE04EC0-301F-11D3-BF4B-00C04F79EFBC}") = "problem2", "Exam1\problem2.csproj", "{32FC02A5-CDD2-402C-A054-66425E2B7DF7}"
EndProject
Project("{FAE04EC0-301F-11D3-BF4B-00C04F79EFBC}") = "problem3", "problem3\problem3.csproj", "{C263138A-AB0C-4F02-8621-2E677D1CBF3C}"
EndProject
Project("{FAE04EC0-301F-11D3-BF4B-00C04F79EFBC}") = "problem1", "problem1\problem1.csproj", "{FE90547A-AE07-463C-97CE-EF33F68FAB71}"
EndProject
Project("{FAE04EC0-301F-11D3-BF4B-00C04F79EFBC}") = "problem4", "problem4\problem4.csproj", "{8E8DA21D-FB77-4185-A830-38DBF46E2299}"
EndProject
Global
	GlobalSection(SolutionConfigurationPlatforms) = preSolution
		Debug|Any CPU = Debug|Any CPU
		Release|Any CPU = Release|Any CPU
	EndGlobalSection
	GlobalSection(ProjectConfigurationPlatforms) = postSolution
		{32FC02A5-CDD2-402C-A054-66425E2B7DF7}.Debug|Any CPU.ActiveCfg = Debug|Any CPU
		{32FC02A5-CDD2-402C-A054-66425E2B7DF7}.Debug|Any CPU.Build.0 = Debug|Any CPU
		{32FC02A5-CDD2-402C-A054-66425E2B7DF7}.Release|Any CPU.ActiveCfg = Release|Any CPU
		{32FC02A5-CDD2-402C-A054-66425E2B7DF7}.Release|Any CPU.Build.0 = Release|Any CPU
		{C263138A-AB0C-4F02-8621-2E677D1CBF3C}.Debug|Any CPU.ActiveCfg = Debug|Any CPU
		{C263138A-AB0C-4F02-8621-2E677D1CBF3C}.Debug|Any CPU.Build.0 = Debug|Any CPU
		{C263138A-AB0C-4F02-8621-2E677D1CBF3C}.Release|Any CPU.ActiveCfg = Release|Any CPU
		{C263138A-AB0C-4F02-8621-2E677D1CBF3C}.Release|Any CPU.Build.0 = Release|Any CPU
		{FE90547A-AE07-463C-97CE-EF33F68FAB71}.Debug|Any CPU.ActiveCfg = Debug|Any CPU
		{FE90547A-AE07-463C-97CE-EF33F68FAB71}.Debug|Any CPU.Build.0 = Debug|Any CPU
		{FE90547A-AE07-463C-97CE-EF33F68FAB71}.Release|Any CPU.ActiveCfg = Release|Any CPU
		{FE90547A-AE07-463C-97CE-EF33F68FAB71}.Release|Any CPU.Build.0 = Release|Any CPU
		{8E8DA21D-FB77-4185-A830-38DBF46E2299}.Debug|Any CPU.ActiveCfg = Debug|Any CPU
		{8E8DA21D-FB77-4185-A830-38DBF46E2299}.Debug|Any CPU.Build.0 = Debug|Any CPU
		{8E8DA21D-FB77-4185-A830-38DBF46E2299}.Release|Any CPU.ActiveCfg = Release|Any CPU
		{8E8DA21D-FB77-4185-A830-38DBF46E2299}.Release|Any CPU.Build.0 = Release|Any CPU
	EndGlobalSection
	GlobalSection(SolutionProperties) = preSolution
		HideSolutionNode = FALSE
	EndGlobalSection
	GlobalSection(ExtensibilityGlobals) = postSolution
		SolutionGuid = {76D98DF4-6542-4A80-934E-EF2A2A091A7E}
	EndGlobalSection
EndGlobal
