
Microsoft Visual Studio Solution File, Format Version 12.00
# Visual Studio Version 16
VisualStudioVersion = 16.0.29215.179
MinimumVisualStudioVersion = 10.0.40219.1
Project("{FAE04EC0-301F-11D3-BF4B-00C04F79EFBC}") = "InheritanceExercise", "InheritanceExercise\InheritanceExercise.csproj", "{5AD4BB8A-E0AB-4F0C-96D1-8234757EEADB}"
EndProject
Global
	GlobalSection(SolutionConfigurationPlatforms) = preSolution
		Debug|Any CPU = Debug|Any CPU
		Release|Any CPU = Release|Any CPU
	EndGlobalSection
	GlobalSection(ProjectConfigurationPlatforms) = postSolution
		{5AD4BB8A-E0AB-4F0C-96D1-8234757EEADB}.Debug|Any CPU.ActiveCfg = Debug|Any CPU
		{5AD4BB8A-E0AB-4F0C-96D1-8234757EEADB}.Debug|Any CPU.Build.0 = Debug|Any CPU
		{5AD4BB8A-E0AB-4F0C-96D1-8234757EEADB}.Release|Any CPU.ActiveCfg = Release|Any CPU
		{5AD4BB8A-E0AB-4F0C-96D1-8234757EEADB}.Release|Any CPU.Build.0 = Release|Any CPU
	EndGlobalSection
	GlobalSection(SolutionProperties) = preSolution
		HideSolutionNode = FALSE
	EndGlobalSection
	GlobalSection(ExtensibilityGlobals) = postSolution
		SolutionGuid = {4826DF17-94E9-4885-BD9F-0023C85BA590}
	EndGlobalSection
EndGlobal
